
Microsoft Visual Studio Solution File, Format Version 12.00
# Visual Studio 2013
VisualStudioVersion = 12.0.30723.0
MinimumVisualStudioVersion = 10.0.40219.1
Project("{FAE04EC0-301F-11D3-BF4B-00C04F79EFBC}") = "PlanetDatabase.Web", "PlanetDatabase.Web\PlanetDatabase.Web.csproj", "{5AE4D5B0-2041-4CEC-867D-54CADD988AFC}"
EndProject
Project("{FAE04EC0-301F-11D3-BF4B-00C04F79EFBC}") = "PlanetDatabase.Data", "PlanetDatabase.Data\PlanetDatabase.Data.csproj", "{57ED084C-E631-4A0D-911B-A47C50E610FB}"
EndProject
Project("{FAE04EC0-301F-11D3-BF4B-00C04F79EFBC}") = "PlanetDatabase.Common", "PlanetDatabase.Common\PlanetDatabase.Common.csproj", "{1DA51B7A-EA5B-4CBF-B909-D9101ABFEC9B}"
EndProject
Project("{FAE04EC0-301F-11D3-BF4B-00C04F79EFBC}") = "PlanetDatabase.Tests", "PlanetDatabase.Tests\PlanetDatabase.Tests.csproj", "{DF2A8582-8EF2-454E-B994-92EEEDE038CF}"
EndProject
Global
	GlobalSection(SolutionConfigurationPlatforms) = preSolution
		Debug|Any CPU = Debug|Any CPU
		Release|Any CPU = Release|Any CPU
	EndGlobalSection
	GlobalSection(ProjectConfigurationPlatforms) = postSolution
		{5AE4D5B0-2041-4CEC-867D-54CADD988AFC}.Debug|Any CPU.ActiveCfg = Debug|Any CPU
		{5AE4D5B0-2041-4CEC-867D-54CADD988AFC}.Debug|Any CPU.Build.0 = Debug|Any CPU
		{5AE4D5B0-2041-4CEC-867D-54CADD988AFC}.Release|Any CPU.ActiveCfg = Release|Any CPU
		{5AE4D5B0-2041-4CEC-867D-54CADD988AFC}.Release|Any CPU.Build.0 = Release|Any CPU
		{57ED084C-E631-4A0D-911B-A47C50E610FB}.Debug|Any CPU.ActiveCfg = Debug|Any CPU
		{57ED084C-E631-4A0D-911B-A47C50E610FB}.Debug|Any CPU.Build.0 = Debug|Any CPU
		{57ED084C-E631-4A0D-911B-A47C50E610FB}.Release|Any CPU.ActiveCfg = Release|Any CPU
		{57ED084C-E631-4A0D-911B-A47C50E610FB}.Release|Any CPU.Build.0 = Release|Any CPU
		{1DA51B7A-EA5B-4CBF-B909-D9101ABFEC9B}.Debug|Any CPU.ActiveCfg = Debug|Any CPU
		{1DA51B7A-EA5B-4CBF-B909-D9101ABFEC9B}.Debug|Any CPU.Build.0 = Debug|Any CPU
		{1DA51B7A-EA5B-4CBF-B909-D9101ABFEC9B}.Release|Any CPU.ActiveCfg = Release|Any CPU
		{1DA51B7A-EA5B-4CBF-B909-D9101ABFEC9B}.Release|Any CPU.Build.0 = Release|Any CPU
		{DF2A8582-8EF2-454E-B994-92EEEDE038CF}.Debug|Any CPU.ActiveCfg = Debug|Any CPU
		{DF2A8582-8EF2-454E-B994-92EEEDE038CF}.Debug|Any CPU.Build.0 = Debug|Any CPU
		{DF2A8582-8EF2-454E-B994-92EEEDE038CF}.Release|Any CPU.ActiveCfg = Release|Any CPU
		{DF2A8582-8EF2-454E-B994-92EEEDE038CF}.Release|Any CPU.Build.0 = Release|Any CPU
	EndGlobalSection
	GlobalSection(SolutionProperties) = preSolution
		HideSolutionNode = FALSE
	EndGlobalSection
EndGlobal
